
Microsoft Visual Studio Solution File, Format Version 12.00
# Visual Studio Version 16
VisualStudioVersion = 16.0.31624.102
MinimumVisualStudioVersion = 10.0.40219.1
Project("{FAE04EC0-301F-11D3-BF4B-00C04F79EFBC}") = "snooker", "snooker\snooker.csproj", "{0D6C45C0-D76E-443B-8584-C5FC3E25B423}"
EndProject
Global
	GlobalSection(SolutionConfigurationPlatforms) = preSolution
		Debug|Any CPU = Debug|Any CPU
		Release|Any CPU = Release|Any CPU
	EndGlobalSection
	GlobalSection(ProjectConfigurationPlatforms) = postSolution
		{0D6C45C0-D76E-443B-8584-C5FC3E25B423}.Debug|Any CPU.ActiveCfg = Debug|Any CPU
		{0D6C45C0-D76E-443B-8584-C5FC3E25B423}.Debug|Any CPU.Build.0 = Debug|Any CPU
		{0D6C45C0-D76E-443B-8584-C5FC3E25B423}.Release|Any CPU.ActiveCfg = Release|Any CPU
		{0D6C45C0-D76E-443B-8584-C5FC3E25B423}.Release|Any CPU.Build.0 = Release|Any CPU
	EndGlobalSection
	GlobalSection(SolutionProperties) = preSolution
		HideSolutionNode = FALSE
	EndGlobalSection
	GlobalSection(ExtensibilityGlobals) = postSolution
		SolutionGuid = {136CF81B-FC1D-418C-BD9D-EFB49A7383DD}
	EndGlobalSection
EndGlobal
